
Microsoft Visual Studio Solution File, Format Version 12.00
# Visual Studio 15
VisualStudioVersion = 15.0.28307.271
MinimumVisualStudioVersion = 10.0.40219.1
Project("{FAE04EC0-301F-11D3-BF4B-00C04F79EFBC}") = "GeekText", "GeekText\GeekText.csproj", "{5913C6A5-9A30-4CA1-9230-AF29472838A5}"
EndProject
Project("{FAE04EC0-301F-11D3-BF4B-00C04F79EFBC}") = "GeekTextLibrary", "GeekTextLibrary\GeekTextLibrary\GeekTextLibrary.csproj", "{5A85725B-E06A-4E85-910B-482DA8E0551A}"
EndProject
<<<<<<< HEAD
=======
Project("{2150E333-8FDC-42A3-9474-1A3956D46DE8}") = "Database", "Database", "{59288249-FA06-4610-86CE-D3C525120AE5}"
	ProjectSection(SolutionItems) = preProject
		Database_generate.sql = Database_generate.sql
	EndProjectSection
EndProject
>>>>>>> master
Global
	GlobalSection(SolutionConfigurationPlatforms) = preSolution
		Debug|Any CPU = Debug|Any CPU
		Release|Any CPU = Release|Any CPU
	EndGlobalSection
	GlobalSection(ProjectConfigurationPlatforms) = postSolution
		{5913C6A5-9A30-4CA1-9230-AF29472838A5}.Debug|Any CPU.ActiveCfg = Debug|Any CPU
		{5913C6A5-9A30-4CA1-9230-AF29472838A5}.Debug|Any CPU.Build.0 = Debug|Any CPU
		{5913C6A5-9A30-4CA1-9230-AF29472838A5}.Release|Any CPU.ActiveCfg = Release|Any CPU
		{5913C6A5-9A30-4CA1-9230-AF29472838A5}.Release|Any CPU.Build.0 = Release|Any CPU
		{5A85725B-E06A-4E85-910B-482DA8E0551A}.Debug|Any CPU.ActiveCfg = Debug|Any CPU
		{5A85725B-E06A-4E85-910B-482DA8E0551A}.Debug|Any CPU.Build.0 = Debug|Any CPU
		{5A85725B-E06A-4E85-910B-482DA8E0551A}.Release|Any CPU.ActiveCfg = Release|Any CPU
		{5A85725B-E06A-4E85-910B-482DA8E0551A}.Release|Any CPU.Build.0 = Release|Any CPU
	EndGlobalSection
	GlobalSection(SolutionProperties) = preSolution
		HideSolutionNode = FALSE
	EndGlobalSection
	GlobalSection(ExtensibilityGlobals) = postSolution
		SolutionGuid = {EB76A1CB-B66E-4CE5-8AC2-4B34C2015918}
	EndGlobalSection
EndGlobal
